PODS:
  - AlipayOpenSDK-iOS (15.8.07)

DEPENDENCIES:
  - AlipayOpenSDK-iOS (from `./`)

EXTERNAL SOURCES:
  AlipayOpenSDK-iOS:
    :path: "./"

SPEC CHECKSUMS:
  AlipayOpenSDK-iOS: 0fd42a42befab128956c4ff62a4e374c7e53fe24

PODFILE CHECKSUM: 8b40bf0319c3f8c2e08147847c6cacd7b52c8af9

COCOAPODS: 1.11.2
