PODS:
  - AlipayOpenSDK-iOS (15.8.10)

DEPENDENCIES:
  - AlipayOpenSDK-iOS (from `./`)

EXTERNAL SOURCES:
  AlipayOpenSDK-iOS:
    :path: "./"

SPEC CHECKSUMS:
  AlipayOpenSDK-iOS: dea0e38e250f0e398fcb811934ee009dc3679445

PODFILE CHECKSUM: 8b40bf0319c3f8c2e08147847c6cacd7b52c8af9

COCOAPODS: 1.11.3
